
Microsoft Visual Studio Solution File, Format Version 12.00
# Visual Studio 15
VisualStudioVersion = 15.0.27703.2047
MinimumVisualStudioVersion = 10.0.40219.1
Project("{FAE04EC0-301F-11D3-BF4B-00C04F79EFBC}") = "AssignmentAnswers", "AssignmentAnswers\AssignmentAnswers.csproj", "{363EC242-34AA-44CD-9CEA-D2F83A451842}"
EndProject
Global
	GlobalSection(SolutionConfigurationPlatforms) = preSolution
		Debug|Any CPU = Debug|Any CPU
		Release|Any CPU = Release|Any CPU
	EndGlobalSection
	GlobalSection(ProjectConfigurationPlatforms) = postSolution
		{363EC242-34AA-44CD-9CEA-D2F83A451842}.Debug|Any CPU.ActiveCfg = Debug|Any CPU
		{363EC242-34AA-44CD-9CEA-D2F83A451842}.Debug|Any CPU.Build.0 = Debug|Any CPU
		{363EC242-34AA-44CD-9CEA-D2F83A451842}.Release|Any CPU.ActiveCfg = Release|Any CPU
		{363EC242-34AA-44CD-9CEA-D2F83A451842}.Release|Any CPU.Build.0 = Release|Any CPU
	EndGlobalSection
	GlobalSection(SolutionProperties) = preSolution
		HideSolutionNode = FALSE
	EndGlobalSection
	GlobalSection(ExtensibilityGlobals) = postSolution
		SolutionGuid = {89A93552-569C-4512-82B8-3949E58BEB4F}
	EndGlobalSection
EndGlobal
